
Microsoft Visual Studio Solution File, Format Version 12.00
# Visual Studio Version 17
VisualStudioVersion = 17.11.35431.28
MinimumVisualStudioVersion = 10.0.40219.1
Project("{8BC9CEB8-8B4A-11D0-8D11-00A0C91BC942}") = "OOP_lab5", "OOP_lab5\OOP_lab5.vcxproj", "{634EBACC-1C80-4A97-BB9A-65CBDAF88080}"
EndProject
Global
	GlobalSection(SolutionConfigurationPlatforms) = preSolution
		Debug|x64 = Debug|x64
		Debug|x86 = Debug|x86
		Release|x64 = Release|x64
		Release|x86 = Release|x86
	EndGlobalSection
	GlobalSection(ProjectConfigurationPlatforms) = postSolution
		{634EBACC-1C80-4A97-BB9A-65CBDAF88080}.Debug|x64.ActiveCfg = Debug|x64
		{634EBACC-1C80-4A97-BB9A-65CBDAF88080}.Debug|x64.Build.0 = Debug|x64
		{634EBACC-1C80-4A97-BB9A-65CBDAF88080}.Debug|x86.ActiveCfg = Debug|Win32
		{634EBACC-1C80-4A97-BB9A-65CBDAF88080}.Debug|x86.Build.0 = Debug|Win32
		{634EBACC-1C80-4A97-BB9A-65CBDAF88080}.Release|x64.ActiveCfg = Release|x64
		{634EBACC-1C80-4A97-BB9A-65CBDAF88080}.Release|x64.Build.0 = Release|x64
		{634EBACC-1C80-4A97-BB9A-65CBDAF88080}.Release|x86.ActiveCfg = Release|Win32
		{634EBACC-1C80-4A97-BB9A-65CBDAF88080}.Release|x86.Build.0 = Release|Win32
	EndGlobalSection
	GlobalSection(SolutionProperties) = preSolution
		HideSolutionNode = FALSE
	EndGlobalSection
	GlobalSection(ExtensibilityGlobals) = postSolution
		SolutionGuid = {FD9B37C3-942E-430B-B9E8-EC46F815B119}
	EndGlobalSection
EndGlobal
